
Microsoft Visual Studio Solution File, Format Version 12.00
# Visual Studio Version 16
VisualStudioVersion = 16.0.32106.194
MinimumVisualStudioVersion = 10.0.40219.1
Project("{FAE04EC0-301F-11D3-BF4B-00C04F79EFBC}") = "InterfaceDemoProject", "InterfaceDemoProject\InterfaceDemoProject.csproj", "{C823DE42-5A22-4FF0-AD7B-F782E9AC8829}"
EndProject
Global
	GlobalSection(SolutionConfigurationPlatforms) = preSolution
		Debug|Any CPU = Debug|Any CPU
		Release|Any CPU = Release|Any CPU
	EndGlobalSection
	GlobalSection(ProjectConfigurationPlatforms) = postSolution
		{C823DE42-5A22-4FF0-AD7B-F782E9AC8829}.Debug|Any CPU.ActiveCfg = Debug|Any CPU
		{C823DE42-5A22-4FF0-AD7B-F782E9AC8829}.Debug|Any CPU.Build.0 = Debug|Any CPU
		{C823DE42-5A22-4FF0-AD7B-F782E9AC8829}.Release|Any CPU.ActiveCfg = Release|Any CPU
		{C823DE42-5A22-4FF0-AD7B-F782E9AC8829}.Release|Any CPU.Build.0 = Release|Any CPU
	EndGlobalSection
	GlobalSection(SolutionProperties) = preSolution
		HideSolutionNode = FALSE
	EndGlobalSection
	GlobalSection(ExtensibilityGlobals) = postSolution
		SolutionGuid = {95397F64-52E8-485C-B45A-00091CB4533F}
	EndGlobalSection
EndGlobal
